
Microsoft Visual Studio Solution File, Format Version 12.00
# Visual Studio Version 16
VisualStudioVersion = 16.0.30523.141
MinimumVisualStudioVersion = 10.0.40219.1
Project("{FAE04EC0-301F-11D3-BF4B-00C04F79EFBC}") = "ExeminationsUppgift", "ExeminationsUppgift.csproj", "{76F19DE4-4257-4854-BB27-6BEDA48AC952}"
EndProject
Global
	GlobalSection(SolutionConfigurationPlatforms) = preSolution
		Debug|Any CPU = Debug|Any CPU
		Release|Any CPU = Release|Any CPU
	EndGlobalSection
	GlobalSection(ProjectConfigurationPlatforms) = postSolution
		{76F19DE4-4257-4854-BB27-6BEDA48AC952}.Debug|Any CPU.ActiveCfg = Debug|Any CPU
		{76F19DE4-4257-4854-BB27-6BEDA48AC952}.Debug|Any CPU.Build.0 = Debug|Any CPU
		{76F19DE4-4257-4854-BB27-6BEDA48AC952}.Release|Any CPU.ActiveCfg = Release|Any CPU
		{76F19DE4-4257-4854-BB27-6BEDA48AC952}.Release|Any CPU.Build.0 = Release|Any CPU
	EndGlobalSection
	GlobalSection(SolutionProperties) = preSolution
		HideSolutionNode = FALSE
	EndGlobalSection
	GlobalSection(ExtensibilityGlobals) = postSolution
		SolutionGuid = {3D4F6A0D-FFA0-4F74-B846-14F5049D3F13}
	EndGlobalSection
EndGlobal
